
Microsoft Visual Studio Solution File, Format Version 12.00
# Visual Studio Version 17
VisualStudioVersion = 17.14.36908.2
MinimumVisualStudioVersion = 10.0.40219.1
Project("{FAE04EC0-301F-11D3-BF4B-00C04F79EFBC}") = "API", "API\API.csproj", "{9D6D5C2B-6A49-44AF-BD35-85D6A0011124}"
EndProject
Project("{FAE04EC0-301F-11D3-BF4B-00C04F79EFBC}") = "BLL", "BLL\BLL.csproj", "{B6AFFB89-A0F9-49D3-9C97-7868A7365ECF}"
EndProject
Project("{FAE04EC0-301F-11D3-BF4B-00C04F79EFBC}") = "DAL", "DAL\DAL.csproj", "{4CE9EEE4-5A70-4D71-9200-25112B12AFBC}"
EndProject
Project("{FAE04EC0-301F-11D3-BF4B-00C04F79EFBC}") = "DTOs", "DTOs\DTOs.csproj", "{DDCB0D74-2A9B-4BE1-B7B9-44D29C1B37A1}"
EndProject
Global
	GlobalSection(SolutionConfigurationPlatforms) = preSolution
		Debug|Any CPU = Debug|Any CPU
		Release|Any CPU = Release|Any CPU
	EndGlobalSection
	GlobalSection(ProjectConfigurationPlatforms) = postSolution
		{9D6D5C2B-6A49-44AF-BD35-85D6A0011124}.Debug|Any CPU.ActiveCfg = Debug|Any CPU
		{9D6D5C2B-6A49-44AF-BD35-85D6A0011124}.Debug|Any CPU.Build.0 = Debug|Any CPU
		{9D6D5C2B-6A49-44AF-BD35-85D6A0011124}.Release|Any CPU.ActiveCfg = Release|Any CPU
		{9D6D5C2B-6A49-44AF-BD35-85D6A0011124}.Release|Any CPU.Build.0 = Release|Any CPU
		{B6AFFB89-A0F9-49D3-9C97-7868A7365ECF}.Debug|Any CPU.ActiveCfg = Debug|Any CPU
		{B6AFFB89-A0F9-49D3-9C97-7868A7365ECF}.Debug|Any CPU.Build.0 = Debug|Any CPU
		{B6AFFB89-A0F9-49D3-9C97-7868A7365ECF}.Release|Any CPU.ActiveCfg = Release|Any CPU
		{B6AFFB89-A0F9-49D3-9C97-7868A7365ECF}.Release|Any CPU.Build.0 = Release|Any CPU
		{4CE9EEE4-5A70-4D71-9200-25112B12AFBC}.Debug|Any CPU.ActiveCfg = Debug|Any CPU
		{4CE9EEE4-5A70-4D71-9200-25112B12AFBC}.Debug|Any CPU.Build.0 = Debug|Any CPU
		{4CE9EEE4-5A70-4D71-9200-25112B12AFBC}.Release|Any CPU.ActiveCfg = Release|Any CPU
		{4CE9EEE4-5A70-4D71-9200-25112B12AFBC}.Release|Any CPU.Build.0 = Release|Any CPU
		{DDCB0D74-2A9B-4BE1-B7B9-44D29C1B37A1}.Debug|Any CPU.ActiveCfg = Debug|Any CPU
		{DDCB0D74-2A9B-4BE1-B7B9-44D29C1B37A1}.Debug|Any CPU.Build.0 = Debug|Any CPU
		{DDCB0D74-2A9B-4BE1-B7B9-44D29C1B37A1}.Release|Any CPU.ActiveCfg = Release|Any CPU
		{DDCB0D74-2A9B-4BE1-B7B9-44D29C1B37A1}.Release|Any CPU.Build.0 = Release|Any CPU
	EndGlobalSection
	GlobalSection(SolutionProperties) = preSolution
		HideSolutionNode = FALSE
	EndGlobalSection
	GlobalSection(ExtensibilityGlobals) = postSolution
		SolutionGuid = {04EBF28F-0FBA-4F10-B980-E0AC1390D15F}
	EndGlobalSection
EndGlobal
